
Microsoft Visual Studio Solution File, Format Version 12.00
# Visual Studio Version 16
VisualStudioVersion = 16.0.30320.27
MinimumVisualStudioVersion = 10.0.40219.1
Project("{FAE04EC0-301F-11D3-BF4B-00C04F79EFBC}") = "YTClickGuesserV2", "YTClickGuesserV2\YTClickGuesserV2.csproj", "{621799FF-86F4-4EC0-A772-00BD33EB536C}"
EndProject
Global
	GlobalSection(SolutionConfigurationPlatforms) = preSolution
		Debug|Any CPU = Debug|Any CPU
		Release|Any CPU = Release|Any CPU
	EndGlobalSection
	GlobalSection(ProjectConfigurationPlatforms) = postSolution
		{621799FF-86F4-4EC0-A772-00BD33EB536C}.Debug|Any CPU.ActiveCfg = Debug|Any CPU
		{621799FF-86F4-4EC0-A772-00BD33EB536C}.Debug|Any CPU.Build.0 = Debug|Any CPU
		{621799FF-86F4-4EC0-A772-00BD33EB536C}.Release|Any CPU.ActiveCfg = Release|Any CPU
		{621799FF-86F4-4EC0-A772-00BD33EB536C}.Release|Any CPU.Build.0 = Release|Any CPU
	EndGlobalSection
	GlobalSection(SolutionProperties) = preSolution
		HideSolutionNode = FALSE
	EndGlobalSection
	GlobalSection(ExtensibilityGlobals) = postSolution
		SolutionGuid = {857E3E95-6196-459D-9078-68807F7256AA}
	EndGlobalSection
EndGlobal
